// !$*UTF8*$!
{
	archiveVersion = 1;
	classes = {
	};
	objectVersion = 56;
	objects = {

/* Begin PBXBuildFile section */
		800178182DDCC1E2003568B1 /* ItemAppApp.swift in Sources */ = {isa = PBXBuildFile; fileRef = 800178172DDCC1E2003568B1 /* ItemAppApp.swift */; };
		8001781A2DDCC1E2003568B1 /* ContentView.swift in Sources */ = {isa = PBXBuildFile; fileRef = 800178192DDCC1E2003568B1 /* ContentView.swift */; };
		8001781C2DDCC1E4003568B1 /* Assets.xcassets in Resources */ = {isa = PBXBuildFile; fileRef = 8001781B2DDCC1E4003568B1 /* Assets.xcassets */; };
		8001781F2DDCC1E4003568B1 /* Preview Assets.xcassets in Resources */ = {isa = PBXBuildFile; fileRef = 8001781E2DDCC1E4003568B1 /* Preview Assets.xcassets */; };
		800178292DDCC1E5003568B1 /* ItemAppTests.swift in Sources */ = {isa = PBXBuildFile; fileRef = 800178282DDCC1E5003568B1 /* ItemAppTests.swift */; };
		800178332DDCC1E5003568B1 /* ItemAppUITests.swift in Sources */ = {isa = PBXBuildFile; fileRef = 800178322DDCC1E5003568B1 /* ItemAppUITests.swift */; };
		800178352DDCC1E5003568B1 /* ItemAppUITestsLaunchTests.swift in Sources */ = {isa = PBXBuildFile; fileRef = 800178342DDCC1E5003568B1 /* ItemAppUITestsLaunchTests.swift */; };
		800178422DDCC258003568B1 /* Item.swift in Sources */ = {isa = PBXBuildFile; fileRef = 800178412DDCC258003568B1 /* Item.swift */; };
		800178442DDCC316003568B1 /* ItemViewModel.swift in Sources */ = {isa = PBXBuildFile; fileRef = 800178432DDCC316003568B1 /* ItemViewModel.swift */; };
		800178472DDE173D003568B1 /* BankAccountTests.swift in Sources */ = {isa = PBXBuildFile; fileRef = 800178462DDE173C003568B1 /* BankAccountTests.swift */; };
		800178492DDE18F8003568B1 /* BankAccountViewModel.swift in Sources */ = {isa = PBXBuildFile; fileRef = 800178482DDE18F8003568B1 /* BankAccountViewModel.swift */; };
		8001784D2DDF6AA4003568B1 /* APIClientTests.swift in Sources */ = {isa = PBXBuildFile; fileRef = 8001784C2DDF6AA3003568B1 /* APIClientTests.swift */; };
		8001784F2DDF6BC7003568B1 /* APIClient.swift in Sources */ = {isa = PBXBuildFile; fileRef = 8001784E2DDF6BC7003568B1 /* APIClient.swift */; };
		800178592DE0C352003568B1 /* BookResponse.swift in Sources */ = {isa = PBXBuildFile; fileRef = 800178552DE0C352003568B1 /* BookResponse.swift */; };
		8001785A2DE0C352003568B1 /* Book.swift in Sources */ = {isa = PBXBuildFile; fileRef = 800178562DE0C352003568B1 /* Book.swift */; };
		8001785B2DE0C352003568B1 /* Formats.swift in Sources */ = {isa = PBXBuildFile; fileRef = 800178572DE0C352003568B1 /* Formats.swift */; };
		8001785C2DE0C352003568B1 /* Authors.swift in Sources */ = {isa = PBXBuildFile; fileRef = 800178582DE0C352003568B1 /* Authors.swift */; };
/* End PBXBuildFile section */

/* Begin PBXContainerItemProxy section */
		800178252DDCC1E5003568B1 /* PBXContainerItemProxy */ = {
			isa = PBXContainerItemProxy;
			containerPortal = 8001780C2DDCC1E2003568B1 /* Project object */;
			proxyType = 1;
			remoteGlobalIDString = 800178132DDCC1E2003568B1;
			remoteInfo = ItemApp;
		};
		8001782F2DDCC1E5003568B1 /* PBXContainerItemProxy */ = {
			isa = PBXContainerItemProxy;
			containerPortal = 8001780C2DDCC1E2003568B1 /* Project object */;
			proxyType = 1;
			remoteGlobalIDString = 800178132DDCC1E2003568B1;
			remoteInfo = ItemApp;
		};
/* End PBXContainerItemProxy section */

/* Begin PBXFileReference section */
		800178142DDCC1E2003568B1 /* ItemApp.app */ = {isa = PBXFileReference; explicitFileType = wrapper.application; includeInIndex = 0; path = ItemApp.app; sourceTree = BUILT_PRODUCTS_DIR; };
		800178172DDCC1E2003568B1 /* ItemAppApp.swift */ = {isa = PBXFileReference; lastKnownFileType = sourcecode.swift; path = ItemAppApp.swift; sourceTree = "<group>"; };
		800178192DDCC1E2003568B1 /* ContentView.swift */ = {isa = PBXFileReference; lastKnownFileType = sourcecode.swift; path = ContentView.swift; sourceTree = "<group>"; };
		8001781B2DDCC1E4003568B1 /* Assets.xcassets */ = {isa = PBXFileReference; lastKnownFileType = folder.assetcatalog; path = Assets.xcassets; sourceTree = "<group>"; };
		8001781E2DDCC1E4003568B1 /* Preview Assets.xcassets */ = {isa = PBXFileReference; lastKnownFileType = folder.assetcatalog; path = "Preview Assets.xcassets"; sourceTree = "<group>"; };
		800178242DDCC1E5003568B1 /* ItemAppTests.xctest */ = {isa = PBXFileReference; explicitFileType = wrapper.cfbundle; includeInIndex = 0; path = ItemAppTests.xctest; sourceTree = BUILT_PRODUCTS_DIR; };
		800178282DDCC1E5003568B1 /* ItemAppTests.swift */ = {isa = PBXFileReference; lastKnownFileType = sourcecode.swift; path = ItemAppTests.swift; sourceTree = "<group>"; };
		8001782E2DDCC1E5003568B1 /* ItemAppUITests.xctest */ = {isa = PBXFileReference; explicitFileType = wrapper.cfbundle; includeInIndex = 0; path = ItemAppUITests.xctest; sourceTree = BUILT_PRODUCTS_DIR; };
		800178322DDCC1E5003568B1 /* ItemAppUITests.swift */ = {isa = PBXFileReference; lastKnownFileType = sourcecode.swift; path = ItemAppUITests.swift; sourceTree = "<group>"; };
		800178342DDCC1E5003568B1 /* ItemAppUITestsLaunchTests.swift */ = {isa = PBXFileReference; lastKnownFileType = sourcecode.swift; path = ItemAppUITestsLaunchTests.swift; sourceTree = "<group>"; };
		800178412DDCC258003568B1 /* Item.swift */ = {isa = PBXFileReference; lastKnownFileType = sourcecode.swift; path = Item.swift; sourceTree = "<group>"; };
		800178432DDCC316003568B1 /* ItemViewModel.swift */ = {isa = PBXFileReference; lastKnownFileType = sourcecode.swift; path = ItemViewModel.swift; sourceTree = "<group>"; };
		800178452DDCEB3F003568B1 /* README.md */ = {isa = PBXFileReference; lastKnownFileType = net.daringfireball.markdown; path = README.md; sourceTree = "<group>"; };
		800178462DDE173C003568B1 /* BankAccountTests.swift */ = {isa = PBXFileReference; lastKnownFileType = sourcecode.swift; path = BankAccountTests.swift; sourceTree = "<group>"; };
		800178482DDE18F8003568B1 /* BankAccountViewModel.swift */ = {isa = PBXFileReference; lastKnownFileType = sourcecode.swift; path = BankAccountViewModel.swift; sourceTree = "<group>"; };
		8001784C2DDF6AA3003568B1 /* APIClientTests.swift */ = {isa = PBXFileReference; lastKnownFileType = sourcecode.swift; path = APIClientTests.swift; sourceTree = "<group>"; };
		8001784E2DDF6BC7003568B1 /* APIClient.swift */ = {isa = PBXFileReference; lastKnownFileType = sourcecode.swift; path = APIClient.swift; sourceTree = "<group>"; };
		800178552DE0C352003568B1 /* BookResponse.swift */ = {isa = PBXFileReference; fileEncoding = 4; lastKnownFileType = sourcecode.swift; path = BookResponse.swift; sourceTree = "<group>"; };
		800178562DE0C352003568B1 /* Book.swift */ = {isa = PBXFileReference; fileEncoding = 4; lastKnownFileType = sourcecode.swift; path = Book.swift; sourceTree = "<group>"; };
		800178572DE0C352003568B1 /* Formats.swift */ = {isa = PBXFileReference; fileEncoding = 4; lastKnownFileType = sourcecode.swift; path = Formats.swift; sourceTree = "<group>"; };
		800178582DE0C352003568B1 /* Authors.swift */ = {isa = PBXFileReference; fileEncoding = 4; lastKnownFileType = sourcecode.swift; path = Authors.swift; sourceTree = "<group>"; };
/* End PBXFileReference section */

/* Begin PBXFrameworksBuildPhase section */
		800178112DDCC1E2003568B1 /* Frameworks */ = {
			isa = PBXFrameworksBuildPhase;
			buildActionMask = 2147483647;
			files = (
			);
			runOnlyForDeploymentPostprocessing = 0;
		};
		800178212DDCC1E5003568B1 /* Frameworks */ = {
			isa = PBXFrameworksBuildPhase;
			buildActionMask = 2147483647;
			files = (
			);
			runOnlyForDeploymentPostprocessing = 0;
		};
		8001782B2DDCC1E5003568B1 /* Frameworks */ = {
			isa = PBXFrameworksBuildPhase;
			buildActionMask = 2147483647;
			files = (
			);
			runOnlyForDeploymentPostprocessing = 0;
		};
/* End PBXFrameworksBuildPhase section */

/* Begin PBXGroup section */
		8001780B2DDCC1E2003568B1 = {
			isa = PBXGroup;
			children = (
				800178452DDCEB3F003568B1 /* README.md */,
				800178162DDCC1E2003568B1 /* ItemApp */,
				800178272DDCC1E5003568B1 /* ItemAppTests */,
				800178312DDCC1E5003568B1 /* ItemAppUITests */,
				800178152DDCC1E2003568B1 /* Products */,
			);
			sourceTree = "<group>";
		};
		800178152DDCC1E2003568B1 /* Products */ = {
			isa = PBXGroup;
			children = (
				800178142DDCC1E2003568B1 /* ItemApp.app */,
				800178242DDCC1E5003568B1 /* ItemAppTests.xctest */,
				8001782E2DDCC1E5003568B1 /* ItemAppUITests.xctest */,
			);
			name = Products;
			sourceTree = "<group>";
		};
		800178162DDCC1E2003568B1 /* ItemApp */ = {
			isa = PBXGroup;
			children = (
				800178172DDCC1E2003568B1 /* ItemAppApp.swift */,
				800178192DDCC1E2003568B1 /* ContentView.swift */,
				8001785D2DE0DCA2003568B1 /* Bank */,
				800178532DDF6D47003568B1 /* Item */,
				800178522DDF6D36003568B1 /* Book Service */,
				8001781B2DDCC1E4003568B1 /* Assets.xcassets */,
				8001781D2DDCC1E4003568B1 /* Preview Content */,
			);
			path = ItemApp;
			sourceTree = "<group>";
		};
		8001781D2DDCC1E4003568B1 /* Preview Content */ = {
			isa = PBXGroup;
			children = (
				8001781E2DDCC1E4003568B1 /* Preview Assets.xcassets */,
			);
			path = "Preview Content";
			sourceTree = "<group>";
		};
		800178272DDCC1E5003568B1 /* ItemAppTests */ = {
			isa = PBXGroup;
			children = (
				800178282DDCC1E5003568B1 /* ItemAppTests.swift */,
				800178462DDE173C003568B1 /* BankAccountTests.swift */,
				8001784C2DDF6AA3003568B1 /* APIClientTests.swift */,
			);
			path = ItemAppTests;
			sourceTree = "<group>";
		};
		800178312DDCC1E5003568B1 /* ItemAppUITests */ = {
			isa = PBXGroup;
			children = (
				800178322DDCC1E5003568B1 /* ItemAppUITests.swift */,
				800178342DDCC1E5003568B1 /* ItemAppUITestsLaunchTests.swift */,
			);
			path = ItemAppUITests;
			sourceTree = "<group>";
		};
		800178522DDF6D36003568B1 /* Book Service */ = {
			isa = PBXGroup;
			children = (
				800178542DE0C33A003568B1 /* model */,
				8001784E2DDF6BC7003568B1 /* APIClient.swift */,
			);
			path = "Book Service";
			sourceTree = "<group>";
		};
		800178532DDF6D47003568B1 /* Item */ = {
			isa = PBXGroup;
			children = (
				800178412DDCC258003568B1 /* Item.swift */,
				800178432DDCC316003568B1 /* ItemViewModel.swift */,
			);
			path = Item;
			sourceTree = "<group>";
		};
		800178542DE0C33A003568B1 /* model */ = {
			isa = PBXGroup;
			children = (
				800178582DE0C352003568B1 /* Authors.swift */,
				800178572DE0C352003568B1 /* Formats.swift */,
				800178552DE0C352003568B1 /* BookResponse.swift */,
				800178562DE0C352003568B1 /* Book.swift */,
			);
			path = model;
			sourceTree = "<group>";
		};
		8001785D2DE0DCA2003568B1 /* Bank */ = {
			isa = PBXGroup;
			children = (
				800178482DDE18F8003568B1 /* BankAccountViewModel.swift */,
			);
			path = Bank;
			sourceTree = "<group>";
		};
/* End PBXGroup section */

/* Begin PBXNativeTarget section */
		800178132DDCC1E2003568B1 /* ItemApp */ = {
			isa = PBXNativeTarget;
			buildConfigurationList = 800178382DDCC1E5003568B1 /* Build configuration list for PBXNativeTarget "ItemApp" */;
			buildPhases = (
				800178102DDCC1E2003568B1 /* Sources */,
				800178112DDCC1E2003568B1 /* Frameworks */,
				800178122DDCC1E2003568B1 /* Resources */,
			);
			buildRules = (
			);
			dependencies = (
			);
			name = ItemApp;
			productName = ItemApp;
			productReference = 800178142DDCC1E2003568B1 /* ItemApp.app */;
			productType = "com.apple.product-type.application";
		};
		800178232DDCC1E5003568B1 /* ItemAppTests */ = {
			isa = PBXNativeTarget;
			buildConfigurationList = 8001783B2DDCC1E5003568B1 /* Build configuration list for PBXNativeTarget "ItemAppTests" */;
			buildPhases = (
				800178202DDCC1E5003568B1 /* Sources */,
				800178212DDCC1E5003568B1 /* Frameworks */,
				800178222DDCC1E5003568B1 /* Resources */,
			);
			buildRules = (
			);
			dependencies = (
				800178262DDCC1E5003568B1 /* PBXTargetDependency */,
			);
			name = ItemAppTests;
			productName = ItemAppTests;
			productReference = 800178242DDCC1E5003568B1 /* ItemAppTests.xctest */;
			productType = "com.apple.product-type.bundle.unit-test";
		};
		8001782D2DDCC1E5003568B1 /* ItemAppUITests */ = {
			isa = PBXNativeTarget;
			buildConfigurationList = 8001783E2DDCC1E5003568B1 /* Build configuration list for PBXNativeTarget "ItemAppUITests" */;
			buildPhases = (
				8001782A2DDCC1E5003568B1 /* Sources */,
				8001782B2DDCC1E5003568B1 /* Frameworks */,
				8001782C2DDCC1E5003568B1 /* Resources */,
			);
			buildRules = (
			);
			dependencies = (
				800178302DDCC1E5003568B1 /* PBXTargetDependency */,
			);
			name = ItemAppUITests;
			productName = ItemAppUITests;
			productReference = 8001782E2DDCC1E5003568B1 /* ItemAppUITests.xctest */;
			productType = "com.apple.product-type.bundle.ui-testing";
		};
/* End PBXNativeTarget section */

/* Begin PBXProject section */
		8001780C2DDCC1E2003568B1 /* Project object */ = {
			isa = PBXProject;
			attributes = {
				BuildIndependentTargetsInParallel = 1;
				LastSwiftUpdateCheck = 1540;
				LastUpgradeCheck = 1540;
				TargetAttributes = {
					800178132DDCC1E2003568B1 = {
						CreatedOnToolsVersion = 15.4;
					};
					800178232DDCC1E5003568B1 = {
						CreatedOnToolsVersion = 15.4;
						TestTargetID = 800178132DDCC1E2003568B1;
					};
					8001782D2DDCC1E5003568B1 = {
						CreatedOnToolsVersion = 15.4;
						TestTargetID = 800178132DDCC1E2003568B1;
					};
				};
			};
			buildConfigurationList = 8001780F2DDCC1E2003568B1 /* Build configuration list for PBXProject "ItemApp" */;
			compatibilityVersion = "Xcode 14.0";
			developmentRegion = en;
			hasScannedForEncodings = 0;
			knownRegions = (
				en,
				Base,
			);
			mainGroup = 8001780B2DDCC1E2003568B1;
			productRefGroup = 800178152DDCC1E2003568B1 /* Products */;
			projectDirPath = "";
			projectRoot = "";
			targets = (
				800178132DDCC1E2003568B1 /* ItemApp */,
				800178232DDCC1E5003568B1 /* ItemAppTests */,
				8001782D2DDCC1E5003568B1 /* ItemAppUITests */,
			);
		};
/* End PBXProject section */

/* Begin PBXResourcesBuildPhase section */
		800178122DDCC1E2003568B1 /* Resources */ = {
			isa = PBXResourcesBuildPhase;
			buildActionMask = 2147483647;
			files = (
				8001781F2DDCC1E4003568B1 /* Preview Assets.xcassets in Resources */,
				8001781C2DDCC1E4003568B1 /* Assets.xcassets in Resources */,
			);
			runOnlyForDeploymentPostprocessing = 0;
		};
		800178222DDCC1E5003568B1 /* Resources */ = {
			isa = PBXResourcesBuildPhase;
			buildActionMask = 2147483647;
			files = (
			);
			runOnlyForDeploymentPostprocessing = 0;
		};
		8001782C2DDCC1E5003568B1 /* Resources */ = {
			isa = PBXResourcesBuildPhase;
			buildActionMask = 2147483647;
			files = (
			);
			runOnlyForDeploymentPostprocessing = 0;
		};
/* End PBXResourcesBuildPhase section */

/* Begin PBXSourcesBuildPhase section */
		800178102DDCC1E2003568B1 /* Sources */ = {
			isa = PBXSourcesBuildPhase;
			buildActionMask = 2147483647;
			files = (
				8001781A2DDCC1E2003568B1 /* ContentView.swift in Sources */,
				800178442DDCC316003568B1 /* ItemViewModel.swift in Sources */,
				8001785A2DE0C352003568B1 /* Book.swift in Sources */,
				800178492DDE18F8003568B1 /* BankAccountViewModel.swift in Sources */,
				8001785B2DE0C352003568B1 /* Formats.swift in Sources */,
				800178422DDCC258003568B1 /* Item.swift in Sources */,
				800178182DDCC1E2003568B1 /* ItemAppApp.swift in Sources */,
				800178592DE0C352003568B1 /* BookResponse.swift in Sources */,
				8001785C2DE0C352003568B1 /* Authors.swift in Sources */,
				8001784F2DDF6BC7003568B1 /* APIClient.swift in Sources */,
			);
			runOnlyForDeploymentPostprocessing = 0;
		};
		800178202DDCC1E5003568B1 /* Sources */ = {
			isa = PBXSourcesBuildPhase;
			buildActionMask = 2147483647;
			files = (
				800178292DDCC1E5003568B1 /* ItemAppTests.swift in Sources */,
				800178472DDE173D003568B1 /* BankAccountTests.swift in Sources */,
				8001784D2DDF6AA4003568B1 /* APIClientTests.swift in Sources */,
			);
			runOnlyForDeploymentPostprocessing = 0;
		};
		8001782A2DDCC1E5003568B1 /* Sources */ = {
			isa = PBXSourcesBuildPhase;
			buildActionMask = 2147483647;
			files = (
				800178332DDCC1E5003568B1 /* ItemAppUITests.swift in Sources */,
				800178352DDCC1E5003568B1 /* ItemAppUITestsLaunchTests.swift in Sources */,
			);
			runOnlyForDeploymentPostprocessing = 0;
		};
/* End PBXSourcesBuildPhase section */

/* Begin PBXTargetDependency section */
		800178262DDCC1E5003568B1 /* PBXTargetDependency */ = {
			isa = PBXTargetDependency;
			target = 800178132DDCC1E2003568B1 /* ItemApp */;
			targetProxy = 800178252DDCC1E5003568B1 /* PBXContainerItemProxy */;
		};
		800178302DDCC1E5003568B1 /* PBXTargetDependency */ = {
			isa = PBXTargetDependency;
			target = 800178132DDCC1E2003568B1 /* ItemApp */;
			targetProxy = 8001782F2DDCC1E5003568B1 /* PBXContainerItemProxy */;
		};
/* End PBXTargetDependency section */

/* Begin XCBuildConfiguration section */
		800178362DDCC1E5003568B1 /* Debug */ = {
			isa = XCBuildConfiguration;
			buildSettings = {
				ALWAYS_SEARCH_USER_PATHS = NO;
				ASSETCATALOG_COMPILER_GENERATE_SWIFT_ASSET_SYMBOL_EXTENSIONS = YES;
				CLANG_ANALYZER_NONNULL = YES;
				CLANG_ANALYZER_NUMBER_OBJECT_CONVERSION = YES_AGGRESSIVE;
				CLANG_CXX_LANGUAGE_STANDARD = "gnu++20";
				CLANG_ENABLE_MODULES = YES;
				CLANG_ENABLE_OBJC_ARC = YES;
				CLANG_ENABLE_OBJC_WEAK = YES;
				CLANG_WARN_BLOCK_CAPTURE_AUTORELEASING = YES;
				CLANG_WARN_BOOL_CONVERSION = YES;
				CLANG_WARN_COMMA = YES;
				CLANG_WARN_CONSTANT_CONVERSION = YES;
				CLANG_WARN_DEPRECATED_OBJC_IMPLEMENTATIONS = YES;
				CLANG_WARN_DIRECT_OBJC_ISA_USAGE = YES_ERROR;
				CLANG_WARN_DOCUMENTATION_COMMENTS = YES;
				CLANG_WARN_EMPTY_BODY = YES;
				CLANG_WARN_ENUM_CONVERSION = YES;
				CLANG_WARN_INFINITE_RECURSION = YES;
				CLANG_WARN_INT_CONVERSION = YES;
				CLANG_WARN_NON_LITERAL_NULL_CONVERSION = YES;
				CLANG_WARN_OBJC_IMPLICIT_RETAIN_SELF = YES;
				CLANG_WARN_OBJC_LITERAL_CONVERSION = YES;
				CLANG_WARN_OBJC_ROOT_CLASS = YES_ERROR;
				CLANG_WARN_QUOTED_INCLUDE_IN_FRAMEWORK_HEADER = YES;
				CLANG_WARN_RANGE_LOOP_ANALYSIS = YES;
				CLANG_WARN_STRICT_PROTOTYPES = YES;
				CLANG_WARN_SUSPICIOUS_MOVE = YES;
				CLANG_WARN_UNGUARDED_AVAILABILITY = YES_AGGRESSIVE;
				CLANG_WARN_UNREACHABLE_CODE = YES;
				CLANG_WARN__DUPLICATE_METHOD_MATCH = YES;
				COPY_PHASE_STRIP = NO;
				DEBUG_INFORMATION_FORMAT = dwarf;
				ENABLE_STRICT_OBJC_MSGSEND = YES;
				ENABLE_TESTABILITY = YES;
				ENABLE_USER_SCRIPT_SANDBOXING = YES;
				GCC_C_LANGUAGE_STANDARD = gnu17;
				GCC_DYNAMIC_NO_PIC = NO;
				GCC_NO_COMMON_BLOCKS = YES;
				GCC_OPTIMIZATION_LEVEL = 0;
				GCC_PREPROCESSOR_DEFINITIONS = (
					"DEBUG=1",
					"$(inherited)",
				);
				GCC_WARN_64_TO_32_BIT_CONVERSION = YES;
				GCC_WARN_ABOUT_RETURN_TYPE = YES_ERROR;
				GCC_WARN_UNDECLARED_SELECTOR = YES;
				GCC_WARN_UNINITIALIZED_AUTOS = YES_AGGRESSIVE;
				GCC_WARN_UNUSED_FUNCTION = YES;
				GCC_WARN_UNUSED_VARIABLE = YES;
				IPHONEOS_DEPLOYMENT_TARGET = 17.5;
				LOCALIZATION_PREFERS_STRING_CATALOGS = YES;
				MTL_ENABLE_DEBUG_INFO = INCLUDE_SOURCE;
				MTL_FAST_MATH = YES;
				ONLY_ACTIVE_ARCH = YES;
				SDKROOT = iphoneos;
				SWIFT_ACTIVE_COMPILATION_CONDITIONS = "DEBUG $(inherited)";
				SWIFT_OPTIMIZATION_LEVEL = "-Onone";
			};
			name = Debug;
		};
		800178372DDCC1E5003568B1 /* Release */ = {
			isa = XCBuildConfiguration;
			buildSettings = {
				ALWAYS_SEARCH_USER_PATHS = NO;
				ASSETCATALOG_COMPILER_GENERATE_SWIFT_ASSET_SYMBOL_EXTENSIONS = YES;
				CLANG_ANALYZER_NONNULL = YES;
				CLANG_ANALYZER_NUMBER_OBJECT_CONVERSION = YES_AGGRESSIVE;
				CLANG_CXX_LANGUAGE_STANDARD = "gnu++20";
				CLANG_ENABLE_MODULES = YES;
				CLANG_ENABLE_OBJC_ARC = YES;
				CLANG_ENABLE_OBJC_WEAK = YES;
				CLANG_WARN_BLOCK_CAPTURE_AUTORELEASING = YES;
				CLANG_WARN_BOOL_CONVERSION = YES;
				CLANG_WARN_COMMA = YES;
				CLANG_WARN_CONSTANT_CONVERSION = YES;
				CLANG_WARN_DEPRECATED_OBJC_IMPLEMENTATIONS = YES;
				CLANG_WARN_DIRECT_OBJC_ISA_USAGE = YES_ERROR;
				CLANG_WARN_DOCUMENTATION_COMMENTS = YES;
				CLANG_WARN_EMPTY_BODY = YES;
				CLANG_WARN_ENUM_CONVERSION = YES;
				CLANG_WARN_INFINITE_RECURSION = YES;
				CLANG_WARN_INT_CONVERSION = YES;
				CLANG_WARN_NON_LITERAL_NULL_CONVERSION = YES;
				CLANG_WARN_OBJC_IMPLICIT_RETAIN_SELF = YES;
				CLANG_WARN_OBJC_LITERAL_CONVERSION = YES;
				CLANG_WARN_OBJC_ROOT_CLASS = YES_ERROR;
				CLANG_WARN_QUOTED_INCLUDE_IN_FRAMEWORK_HEADER = YES;
				CLANG_WARN_RANGE_LOOP_ANALYSIS = YES;
				CLANG_WARN_STRICT_PROTOTYPES = YES;
				CLANG_WARN_SUSPICIOUS_MOVE = YES;
				CLANG_WARN_UNGUARDED_AVAILABILITY = YES_AGGRESSIVE;
				CLANG_WARN_UNREACHABLE_CODE = YES;
				CLANG_WARN__DUPLICATE_METHOD_MATCH = YES;
				COPY_PHASE_STRIP = NO;
				DEBUG_INFORMATION_FORMAT = "dwarf-with-dsym";
				ENABLE_NS_ASSERTIONS = NO;
				ENABLE_STRICT_OBJC_MSGSEND = YES;
				ENABLE_USER_SCRIPT_SANDBOXING = YES;
				GCC_C_LANGUAGE_STANDARD = gnu17;
				GCC_NO_COMMON_BLOCKS = YES;
				GCC_WARN_64_TO_32_BIT_CONVERSION = YES;
				GCC_WARN_ABOUT_RETURN_TYPE = YES_ERROR;
				GCC_WARN_UNDECLARED_SELECTOR = YES;
				GCC_WARN_UNINITIALIZED_AUTOS = YES_AGGRESSIVE;
				GCC_WARN_UNUSED_FUNCTION = YES;
				GCC_WARN_UNUSED_VARIABLE = YES;
				IPHONEOS_DEPLOYMENT_TARGET = 17.5;
				LOCALIZATION_PREFERS_STRING_CATALOGS = YES;
				MTL_ENABLE_DEBUG_INFO = NO;
				MTL_FAST_MATH = YES;
				SDKROOT = iphoneos;
				SWIFT_COMPILATION_MODE = wholemodule;
				VALIDATE_PRODUCT = YES;
			};
			name = Release;
		};
		800178392DDCC1E5003568B1 /* Debug */ = {
			isa = XCBuildConfiguration;
			buildSettings = {
				ASSETCATALOG_COMPILER_APPICON_NAME = AppIcon;
				ASSETCATALOG_COMPILER_GLOBAL_ACCENT_COLOR_NAME = AccentColor;
				CODE_SIGN_STYLE = Automatic;
				CURRENT_PROJECT_VERSION = 1;
				DEVELOPMENT_ASSET_PATHS = "\"ItemApp/Preview Content\"";
				DEVELOPMENT_TEAM = D4LZ35P99Y;
				ENABLE_PREVIEWS = YES;
				GENERATE_INFOPLIST_FILE = YES;
				INFOPLIST_KEY_UIApplicationSceneManifest_Generation = YES;
				INFOPLIST_KEY_UIApplicationSupportsIndirectInputEvents = YES;
				INFOPLIST_KEY_UILaunchScreen_Generation = YES;
				INFOPLIST_KEY_UISupportedInterfaceOrientations_iPad = "UIInterfaceOrientationPortrait UIInterfaceOrientationPortraitUpsideDown UIInterfaceOrientationLandscapeLeft UIInterfaceOrientationLandscapeRight";
				INFOPLIST_KEY_UISupportedInterfaceOrientations_iPhone = "UIInterfaceOrientationPortrait UIInterfaceOrientationLandscapeLeft UIInterfaceOrientationLandscapeRight";
				LD_RUNPATH_SEARCH_PATHS = (
					"$(inherited)",
					"@executable_path/Frameworks",
				);
				MARKETING_VERSION = 1.0;
				PRODUCT_BUNDLE_IDENTIFIER = com.dev.ItemApp;
				PRODUCT_NAME = "$(TARGET_NAME)";
				SWIFT_EMIT_LOC_STRINGS = YES;
				SWIFT_VERSION = 5.0;
				TARGETED_DEVICE_FAMILY = "1,2";
			};
			name = Debug;
		};
		8001783A2DDCC1E5003568B1 /* Release */ = {
			isa = XCBuildConfiguration;
			buildSettings = {
				ASSETCATALOG_COMPILER_APPICON_NAME = AppIcon;
				ASSETCATALOG_COMPILER_GLOBAL_ACCENT_COLOR_NAME = AccentColor;
				CODE_SIGN_STYLE = Automatic;
				CURRENT_PROJECT_VERSION = 1;
				DEVELOPMENT_ASSET_PATHS = "\"ItemApp/Preview Content\"";
				DEVELOPMENT_TEAM = D4LZ35P99Y;
				ENABLE_PREVIEWS = YES;
				GENERATE_INFOPLIST_FILE = YES;
				INFOPLIST_KEY_UIApplicationSceneManifest_Generation = YES;
				INFOPLIST_KEY_UIApplicationSupportsIndirectInputEvents = YES;
				INFOPLIST_KEY_UILaunchScreen_Generation = YES;
				INFOPLIST_KEY_UISupportedInterfaceOrientations_iPad = "UIInterfaceOrientationPortrait UIInterfaceOrientationPortraitUpsideDown UIInterfaceOrientationLandscapeLeft UIInterfaceOrientationLandscapeRight";
				INFOPLIST_KEY_UISupportedInterfaceOrientations_iPhone = "UIInterfaceOrientationPortrait UIInterfaceOrientationLandscapeLeft UIInterfaceOrientationLandscapeRight";
				LD_RUNPATH_SEARCH_PATHS = (
					"$(inherited)",
					"@executable_path/Frameworks",
				);
				MARKETING_VERSION = 1.0;
				PRODUCT_BUNDLE_IDENTIFIER = com.dev.ItemApp;
				PRODUCT_NAME = "$(TARGET_NAME)";
				SWIFT_EMIT_LOC_STRINGS = YES;
				SWIFT_VERSION = 5.0;
				TARGETED_DEVICE_FAMILY = "1,2";
			};
			name = Release;
		};
		8001783C2DDCC1E5003568B1 /* Debug */ = {
			isa = XCBuildConfiguration;
			buildSettings = {
				ALWAYS_EMBED_SWIFT_STANDARD_LIBRARIES = YES;
				BUNDLE_LOADER = "$(TEST_HOST)";
				CODE_SIGN_STYLE = Automatic;
				CURRENT_PROJECT_VERSION = 1;
				DEVELOPMENT_TEAM = D4LZ35P99Y;
				GENERATE_INFOPLIST_FILE = YES;
				IPHONEOS_DEPLOYMENT_TARGET = 17.5;
				MARKETING_VERSION = 1.0;
				PRODUCT_BUNDLE_IDENTIFIER = com.dev.ItemAppTests;
				PRODUCT_NAME = "$(TARGET_NAME)";
				SWIFT_EMIT_LOC_STRINGS = NO;
				SWIFT_VERSION = 5.0;
				TARGETED_DEVICE_FAMILY = "1,2";
				TEST_HOST = "$(BUILT_PRODUCTS_DIR)/ItemApp.app/$(BUNDLE_EXECUTABLE_FOLDER_PATH)/ItemApp";
			};
			name = Debug;
		};
		8001783D2DDCC1E5003568B1 /* Release */ = {
			isa = XCBuildConfiguration;
			buildSettings = {
				ALWAYS_EMBED_SWIFT_STANDARD_LIBRARIES = YES;
				BUNDLE_LOADER = "$(TEST_HOST)";
				CODE_SIGN_STYLE = Automatic;
				CURRENT_PROJECT_VERSION = 1;
				DEVELOPMENT_TEAM = D4LZ35P99Y;
				GENERATE_INFOPLIST_FILE = YES;
				IPHONEOS_DEPLOYMENT_TARGET = 17.5;
				MARKETING_VERSION = 1.0;
				PRODUCT_BUNDLE_IDENTIFIER = com.dev.ItemAppTests;
				PRODUCT_NAME = "$(TARGET_NAME)";
				SWIFT_EMIT_LOC_STRINGS = NO;
				SWIFT_VERSION = 5.0;
				TARGETED_DEVICE_FAMILY = "1,2";
				TEST_HOST = "$(BUILT_PRODUCTS_DIR)/ItemApp.app/$(BUNDLE_EXECUTABLE_FOLDER_PATH)/ItemApp";
			};
			name = Release;
		};
		8001783F2DDCC1E5003568B1 /* Debug */ = {
			isa = XCBuildConfiguration;
			buildSettings = {
				ALWAYS_EMBED_SWIFT_STANDARD_LIBRARIES = YES;
				CODE_SIGN_STYLE = Automatic;
				CURRENT_PROJECT_VERSION = 1;
				DEVELOPMENT_TEAM = D4LZ35P99Y;
				GENERATE_INFOPLIST_FILE = YES;
				MARKETING_VERSION = 1.0;
				PRODUCT_BUNDLE_IDENTIFIER = com.dev.ItemAppUITests;
				PRODUCT_NAME = "$(TARGET_NAME)";
				SWIFT_EMIT_LOC_STRINGS = NO;
				SWIFT_VERSION = 5.0;
				TARGETED_DEVICE_FAMILY = "1,2";
				TEST_TARGET_NAME = ItemApp;
			};
			name = Debug;
		};
		800178402DDCC1E5003568B1 /* Release */ = {
			isa = XCBuildConfiguration;
			buildSettings = {
				ALWAYS_EMBED_SWIFT_STANDARD_LIBRARIES = YES;
				CODE_SIGN_STYLE = Automatic;
				CURRENT_PROJECT_VERSION = 1;
				DEVELOPMENT_TEAM = D4LZ35P99Y;
				GENERATE_INFOPLIST_FILE = YES;
				MARKETING_VERSION = 1.0;
				PRODUCT_BUNDLE_IDENTIFIER = com.dev.ItemAppUITests;
				PRODUCT_NAME = "$(TARGET_NAME)";
				SWIFT_EMIT_LOC_STRINGS = NO;
				SWIFT_VERSION = 5.0;
				TARGETED_DEVICE_FAMILY = "1,2";
				TEST_TARGET_NAME = ItemApp;
			};
			name = Release;
		};
/* End XCBuildConfiguration section */

/* Begin XCConfigurationList section */
		8001780F2DDCC1E2003568B1 /* Build configuration list for PBXProject "ItemApp" */ = {
			isa = XCConfigurationList;
			buildConfigurations = (
				800178362DDCC1E5003568B1 /* Debug */,
				800178372DDCC1E5003568B1 /* Release */,
			);
			defaultConfigurationIsVisible = 0;
			defaultConfigurationName = Release;
		};
		800178382DDCC1E5003568B1 /* Build configuration list for PBXNativeTarget "ItemApp" */ = {
			isa = XCConfigurationList;
			buildConfigurations = (
				800178392DDCC1E5003568B1 /* Debug */,
				8001783A2DDCC1E5003568B1 /* Release */,
			);
			defaultConfigurationIsVisible = 0;
			defaultConfigurationName = Release;
		};
		8001783B2DDCC1E5003568B1 /* Build configuration list for PBXNativeTarget "ItemAppTests" */ = {
			isa = XCConfigurationList;
			buildConfigurations = (
				8001783C2DDCC1E5003568B1 /* Debug */,
				8001783D2DDCC1E5003568B1 /* Release */,
			);
			defaultConfigurationIsVisible = 0;
			defaultConfigurationName = Release;
		};
		8001783E2DDCC1E5003568B1 /* Build configuration list for PBXNativeTarget "ItemAppUITests" */ = {
			isa = XCConfigurationList;
			buildConfigurations = (
				8001783F2DDCC1E5003568B1 /* Debug */,
				800178402DDCC1E5003568B1 /* Release */,
			);
			defaultConfigurationIsVisible = 0;
			defaultConfigurationName = Release;
		};
/* End XCConfigurationList section */
	};
	rootObject = 8001780C2DDCC1E2003568B1 /* Project object */;
}
